GEM
  remote: https://rubygems.org/
  specs:
    base64 (0.3.0)

PLATFORMS
  ruby
  x86_64-darwin-23

DEPENDENCIES
  base64

CHECKSUMS
  base64 (0.3.0) sha256=27337aeabad6ffae05c265c450490628ef3ebd4b67be58257393227588f5a97b
  bundler (4.0.11) sha256=5bcec0fb78302e48d02ee46f10ee6e6942be647ba5b44a6d1ddfda9a240ce785

RUBY VERSION
  ruby 4.0.3

BUNDLED WITH
  4.0.11
